{
  "name": "@faoem/facility-status",
  "version": "1.0.2",
  "lockfileVersion": 3,
  "requires": true,
  "packages": {
    "": {
      "name": "@faoem/facility-status",
      "version": "1.0.2",
      "dependencies": {
        "@faoem/common": "^1.2.2"
      }
    },
    "node_modules/@faoem/common": {
      "version": "1.2.2",
      "resolved": "https://code.hejiamin.com/api/packages/FAOEM/npm/%40faoem%2Fcommon/-/1.2.2/common-1.2.2.tgz",
      "integrity": "sha512-LnUSpzCbhoSlDlG37tUULGa8wKvBkUYNmws2cr+lZGQrelIT46w+N1LMKQfxiOSVPIHfiX1b3jmlQf+tAHmuDQ=="
    }
  }
}
