{
  "name": "shift",
  "version": "1.0.0",
  "lockfileVersion": 3,
  "requires": true,
  "packages": {
    "": {
      "name": "shift",
      "version": "1.0.0",
      "dependencies": {
        "@faoem/common": "^1.2.1"
      }
    },
    "node_modules/@faoem/common": {
      "version": "1.2.1",
      "resolved": "https://code.hejiamin.com/api/packages/FAOEM/npm/%40faoem%2Fcommon/-/1.2.1/common-1.2.1.tgz",
      "integrity": "sha512-2LBGlQ56tZFbqJA4pjOp9+50tfWJy9unQlEQdVRa4nSvb+QT0wM1hG+UWZLtn9Mm/o+7P1M0nrGJysELlnU64Q=="
    }
  }
}
